
Microsoft Visual Studio Solution File, Format Version 12.00
# Visual Studio Version 16
VisualStudioVersion = 16.0.29424.173
MinimumVisualStudioVersion = 10.0.40219.1
Project("{9A19103F-16F7-4668-BE54-9A1E7A4F7556}") = "RecipeCommunity", "RecipeCommunity\RecipeCommunity.csproj", "{81CA9212-8877-476E-9052-FD8F69F20383}"
EndProject
Project("{FAE04EC0-301F-11D3-BF4B-00C04F79EFBC}") = "RecipeLibrary", "RecipeLibrary\RecipeLibrary.csproj", "{7C801E9E-04F8-4F19-841A-5BCAD6897652}"
EndProject
Global
	GlobalSection(SolutionConfigurationPlatforms) = preSolution
		Debug|Any CPU = Debug|Any CPU
		Release|Any CPU = Release|Any CPU
	EndGlobalSection
	GlobalSection(ProjectConfigurationPlatforms) = postSolution
		{81CA9212-8877-476E-9052-FD8F69F20383}.Debug|Any CPU.ActiveCfg = Debug|Any CPU
		{81CA9212-8877-476E-9052-FD8F69F20383}.Debug|Any CPU.Build.0 = Debug|Any CPU
		{81CA9212-8877-476E-9052-FD8F69F20383}.Release|Any CPU.ActiveCfg = Release|Any CPU
		{81CA9212-8877-476E-9052-FD8F69F20383}.Release|Any CPU.Build.0 = Release|Any CPU
		{7C801E9E-04F8-4F19-841A-5BCAD6897652}.Debug|Any CPU.ActiveCfg = Debug|Any CPU
		{7C801E9E-04F8-4F19-841A-5BCAD6897652}.Debug|Any CPU.Build.0 = Debug|Any CPU
		{7C801E9E-04F8-4F19-841A-5BCAD6897652}.Release|Any CPU.ActiveCfg = Release|Any CPU
		{7C801E9E-04F8-4F19-841A-5BCAD6897652}.Release|Any CPU.Build.0 = Release|Any CPU
	EndGlobalSection
	GlobalSection(SolutionProperties) = preSolution
		HideSolutionNode = FALSE
	EndGlobalSection
	GlobalSection(ExtensibilityGlobals) = postSolution
		SolutionGuid = {66A86D00-F53E-4B83-A9EA-09101B8E40A9}
	EndGlobalSection
EndGlobal
